
Microsoft Visual Studio Solution File, Format Version 12.00
# Visual Studio Version 16
VisualStudioVersion = 16.0.29521.150
MinimumVisualStudioVersion = 10.0.40219.1
Project("{9A19103F-16F7-4668-BE54-9A1E7A4F7556}") = "PeopleBlazor1", "PeopleBlazor1\PeopleBlazor1.csproj", "{E47A98BC-E4AA-4D6C-82E1-C093800CAA12}"
EndProject
Project("{9A19103F-16F7-4668-BE54-9A1E7A4F7556}") = "WikiLib", "WikiLib\WikiLib.csproj", "{D5FFBF30-7129-4DF9-AD9F-79AA708D1AAC}"
EndProject
Project("{9A19103F-16F7-4668-BE54-9A1E7A4F7556}") = "WikiTest", "WikiTest\WikiTest.csproj", "{E6D377D3-E29E-4CF1-8E51-8D577F1880F7}"
EndProject
Global
	GlobalSection(SolutionConfigurationPlatforms) = preSolution
		Debug|Any CPU = Debug|Any CPU
		Release|Any CPU = Release|Any CPU
	EndGlobalSection
	GlobalSection(ProjectConfigurationPlatforms) = postSolution
		{E47A98BC-E4AA-4D6C-82E1-C093800CAA12}.Debug|Any CPU.ActiveCfg = Debug|Any CPU
		{E47A98BC-E4AA-4D6C-82E1-C093800CAA12}.Debug|Any CPU.Build.0 = Debug|Any CPU
		{E47A98BC-E4AA-4D6C-82E1-C093800CAA12}.Release|Any CPU.ActiveCfg = Release|Any CPU
		{E47A98BC-E4AA-4D6C-82E1-C093800CAA12}.Release|Any CPU.Build.0 = Release|Any CPU
		{D5FFBF30-7129-4DF9-AD9F-79AA708D1AAC}.Debug|Any CPU.ActiveCfg = Debug|Any CPU
		{D5FFBF30-7129-4DF9-AD9F-79AA708D1AAC}.Debug|Any CPU.Build.0 = Debug|Any CPU
		{D5FFBF30-7129-4DF9-AD9F-79AA708D1AAC}.Release|Any CPU.ActiveCfg = Release|Any CPU
		{D5FFBF30-7129-4DF9-AD9F-79AA708D1AAC}.Release|Any CPU.Build.0 = Release|Any CPU
		{E6D377D3-E29E-4CF1-8E51-8D577F1880F7}.Debug|Any CPU.ActiveCfg = Debug|Any CPU
		{E6D377D3-E29E-4CF1-8E51-8D577F1880F7}.Debug|Any CPU.Build.0 = Debug|Any CPU
		{E6D377D3-E29E-4CF1-8E51-8D577F1880F7}.Release|Any CPU.ActiveCfg = Release|Any CPU
		{E6D377D3-E29E-4CF1-8E51-8D577F1880F7}.Release|Any CPU.Build.0 = Release|Any CPU
	EndGlobalSection
	GlobalSection(SolutionProperties) = preSolution
		HideSolutionNode = FALSE
	EndGlobalSection
	GlobalSection(ExtensibilityGlobals) = postSolution
		SolutionGuid = {8700D2AF-560E-4B67-8EF5-732C0C52812D}
	EndGlobalSection
EndGlobal
